{
  "name": "vand-alves-portifolio",
  "version": "1.0.0",
  "lockfileVersion": 2,
  "requires": true,
  "packages": {
    "": {
      "name": "vand-alves-portifolio",
      "version": "1.0.0",
      "license": "ISC",
      "dependencies": {
        "@picocss/pico": "^1.5.6",
        "bulma": "^0.9.4",
        "vand-alves-portifolio": "file:"
      }
    },
    "node_modules/@picocss/pico": {
      "version": "1.5.6",
      "resolved": "https://registry.npmjs.org/@picocss/pico/-/pico-1.5.6.tgz",
      "integrity": "sha512-9R+OdtMuHijKa7AQKBrng/1Q/Cd3BnEigYJXmOxI10Eka2qGGDa4b0hua8UeYu01BTtAiO70K7CQuHffU4YXGA=="
    },
    "node_modules/bulma": {
      "version": "0.9.4",
      "resolved": "https://registry.npmjs.org/bulma/-/bulma-0.9.4.tgz",
      "integrity": "sha512-86FlT5+1GrsgKbPLRRY7cGDg8fsJiP/jzTqXXVqiUZZ2aZT8uemEOHlU1CDU+TxklPEZ11HZNNWclRBBecP4CQ=="
    },
    "node_modules/vand-alves-portifolio": {
      "resolved": "",
      "link": true
    }
  },
  "dependencies": {
    "@picocss/pico": {
      "version": "1.5.6",
      "resolved": "https://registry.npmjs.org/@picocss/pico/-/pico-1.5.6.tgz",
      "integrity": "sha512-9R+OdtMuHijKa7AQKBrng/1Q/Cd3BnEigYJXmOxI10Eka2qGGDa4b0hua8UeYu01BTtAiO70K7CQuHffU4YXGA=="
    },
    "bulma": {
      "version": "0.9.4",
      "resolved": "https://registry.npmjs.org/bulma/-/bulma-0.9.4.tgz",
      "integrity": "sha512-86FlT5+1GrsgKbPLRRY7cGDg8fsJiP/jzTqXXVqiUZZ2aZT8uemEOHlU1CDU+TxklPEZ11HZNNWclRBBecP4CQ=="
    },
    "vand-alves-portifolio": {
      "version": "file:",
      "requires": {
        "@picocss/pico": "^1.5.6",
        "bulma": "^0.9.4",
        "vand-alves-portifolio": "file:"
      },
      "dependencies": {
        "@picocss/pico": {
          "version": "1.5.6",
          "resolved": "https://registry.npmjs.org/@picocss/pico/-/pico-1.5.6.tgz",
          "integrity": "sha512-9R+OdtMuHijKa7AQKBrng/1Q/Cd3BnEigYJXmOxI10Eka2qGGDa4b0hua8UeYu01BTtAiO70K7CQuHffU4YXGA=="
        },
        "bulma": {
          "version": "0.9.4",
          "resolved": "https://registry.npmjs.org/bulma/-/bulma-0.9.4.tgz",
          "integrity": "sha512-86FlT5+1GrsgKbPLRRY7cGDg8fsJiP/jzTqXXVqiUZZ2aZT8uemEOHlU1CDU+TxklPEZ11HZNNWclRBBecP4CQ=="
        }
      }
    }
  }
}
